
Microsoft Visual Studio Solution File, Format Version 12.00
# Visual Studio Version 17
VisualStudioVersion = 17.3.32922.545
MinimumVisualStudioVersion = 10.0.40219.1
Project("{9A19103F-16F7-4668-BE54-9A1E7A4F7556}") = "ProjekatASP", "ProjekatASP\ProjekatASP.csproj", "{3FBBA259-A5E5-4E30-81A8-09EDCC03ED07}"
EndProject
Project("{9A19103F-16F7-4668-BE54-9A1E7A4F7556}") = "Projekatasp.DataAccess", "Projekatasp.DataAccess\Projekatasp.DataAccess.csproj", "{A0B84CB9-15EB-4B11-83BA-C8C2B69A9480}"
EndProject
Project("{9A19103F-16F7-4668-BE54-9A1E7A4F7556}") = "ProjekatASP.Domain", "ProjekatASP.Domain\ProjekatASP.Domain.csproj", "{C3E41F55-B5E3-4649-883B-BE9CFAE42516}"
EndProject
Project("{9A19103F-16F7-4668-BE54-9A1E7A4F7556}") = "ProjekatASP.Application", "ProjekatASP.Application\ProjekatASP.Application.csproj", "{DCB6CD68-D568-42F0-A4E1-FD4A870ACE76}"
EndProject
Project("{FAE04EC0-301F-11D3-BF4B-00C04F79EFBC}") = "ProjekatASP.Implementation", "ProjekatASP.Implementation\ProjekatASP.Implementation.csproj", "{F89B47C0-1765-4108-ACEA-C362F99DF1E2}"
EndProject
Global
	GlobalSection(SolutionConfigurationPlatforms) = preSolution
		Debug|Any CPU = Debug|Any CPU
		Release|Any CPU = Release|Any CPU
	EndGlobalSection
	GlobalSection(ProjectConfigurationPlatforms) = postSolution
		{3FBBA259-A5E5-4E30-81A8-09EDCC03ED07}.Debug|Any CPU.ActiveCfg = Debug|Any CPU
		{3FBBA259-A5E5-4E30-81A8-09EDCC03ED07}.Debug|Any CPU.Build.0 = Debug|Any CPU
		{3FBBA259-A5E5-4E30-81A8-09EDCC03ED07}.Release|Any CPU.ActiveCfg = Release|Any CPU
		{3FBBA259-A5E5-4E30-81A8-09EDCC03ED07}.Release|Any CPU.Build.0 = Release|Any CPU
		{A0B84CB9-15EB-4B11-83BA-C8C2B69A9480}.Debug|Any CPU.ActiveCfg = Debug|Any CPU
		{A0B84CB9-15EB-4B11-83BA-C8C2B69A9480}.Debug|Any CPU.Build.0 = Debug|Any CPU
		{A0B84CB9-15EB-4B11-83BA-C8C2B69A9480}.Release|Any CPU.ActiveCfg = Release|Any CPU
		{A0B84CB9-15EB-4B11-83BA-C8C2B69A9480}.Release|Any CPU.Build.0 = Release|Any CPU
		{C3E41F55-B5E3-4649-883B-BE9CFAE42516}.Debug|Any CPU.ActiveCfg = Debug|Any CPU
		{C3E41F55-B5E3-4649-883B-BE9CFAE42516}.Debug|Any CPU.Build.0 = Debug|Any CPU
		{C3E41F55-B5E3-4649-883B-BE9CFAE42516}.Release|Any CPU.ActiveCfg = Release|Any CPU
		{C3E41F55-B5E3-4649-883B-BE9CFAE42516}.Release|Any CPU.Build.0 = Release|Any CPU
		{DCB6CD68-D568-42F0-A4E1-FD4A870ACE76}.Debug|Any CPU.ActiveCfg = Debug|Any CPU
		{DCB6CD68-D568-42F0-A4E1-FD4A870ACE76}.Debug|Any CPU.Build.0 = Debug|Any CPU
		{DCB6CD68-D568-42F0-A4E1-FD4A870ACE76}.Release|Any CPU.ActiveCfg = Release|Any CPU
		{DCB6CD68-D568-42F0-A4E1-FD4A870ACE76}.Release|Any CPU.Build.0 = Release|Any CPU
		{F89B47C0-1765-4108-ACEA-C362F99DF1E2}.Debug|Any CPU.ActiveCfg = Debug|Any CPU
		{F89B47C0-1765-4108-ACEA-C362F99DF1E2}.Debug|Any CPU.Build.0 = Debug|Any CPU
		{F89B47C0-1765-4108-ACEA-C362F99DF1E2}.Release|Any CPU.ActiveCfg = Release|Any CPU
		{F89B47C0-1765-4108-ACEA-C362F99DF1E2}.Release|Any CPU.Build.0 = Release|Any CPU
	EndGlobalSection
	GlobalSection(SolutionProperties) = preSolution
		HideSolutionNode = FALSE
	EndGlobalSection
	GlobalSection(ExtensibilityGlobals) = postSolution
		SolutionGuid = {749051C3-E6A6-4DE0-822F-D5E1F431DDC5}
	EndGlobalSection
EndGlobal
